
Microsoft Visual Studio Solution File, Format Version 12.00
# Visual Studio Version 17
VisualStudioVersion = 17.5.33502.453
MinimumVisualStudioVersion = 10.0.40219.1
Project("{8BC9CEB8-8B4A-11D0-8D11-00A0C91BC942}") = "FinalProjectPemdas", "FinalProjectPemdas\FinalProjectPemdas.vcxproj", "{08708885-D9D9-46A2-9217-E76C4BD1F919}"
EndProject
Global
	GlobalSection(SolutionConfigurationPlatforms) = preSolution
		Debug|x64 = Debug|x64
		Debug|x86 = Debug|x86
		Release|x64 = Release|x64
		Release|x86 = Release|x86
	EndGlobalSection
	GlobalSection(ProjectConfigurationPlatforms) = postSolution
		{08708885-D9D9-46A2-9217-E76C4BD1F919}.Debug|x64.ActiveCfg = Debug|x64
		{08708885-D9D9-46A2-9217-E76C4BD1F919}.Debug|x64.Build.0 = Debug|x64
		{08708885-D9D9-46A2-9217-E76C4BD1F919}.Debug|x86.ActiveCfg = Debug|Win32
		{08708885-D9D9-46A2-9217-E76C4BD1F919}.Debug|x86.Build.0 = Debug|Win32
		{08708885-D9D9-46A2-9217-E76C4BD1F919}.Release|x64.ActiveCfg = Release|x64
		{08708885-D9D9-46A2-9217-E76C4BD1F919}.Release|x64.Build.0 = Release|x64
		{08708885-D9D9-46A2-9217-E76C4BD1F919}.Release|x86.ActiveCfg = Release|Win32
		{08708885-D9D9-46A2-9217-E76C4BD1F919}.Release|x86.Build.0 = Release|Win32
	EndGlobalSection
	GlobalSection(SolutionProperties) = preSolution
		HideSolutionNode = FALSE
	EndGlobalSection
	GlobalSection(ExtensibilityGlobals) = postSolution
		SolutionGuid = {B71B1960-671C-4DC8-B957-A12695A68A47}
	EndGlobalSection
EndGlobal
